
Microsoft Visual Studio Solution File, Format Version 12.00
# Visual Studio Version 17
Project("{2150E333-8FDC-42A3-9474-1A3956D46DE8}") = "CMakePredefinedTargets", "CMakePredefinedTargets", "{1C88AD00-F801-3CC6-8AFE-4C28B2596463}"
EndProject
Project("{8BC9CEB8-8B4A-11D0-8D11-00A0C91BC942}") = "ALL_BUILD", "ALL_BUILD.vcxproj", "{A3299D66-1D86-33AD-B895-F52E5A6EC1F3}"
	ProjectSection(ProjectDependencies) = postProject
		{CEB73A53-CF81-3146-BFCE-ED1F282A104C} = {CEB73A53-CF81-3146-BFCE-ED1F282A104C}
		{CA09240D-654C-3EEA-8B19-F2FD48CE1562} = {CA09240D-654C-3EEA-8B19-F2FD48CE1562}
	EndProjectSection
EndProject
Project("{8BC9CEB8-8B4A-11D0-8D11-00A0C91BC942}") = "BoltCore", "BoltCore.vcxproj", "{CEB73A53-CF81-3146-BFCE-ED1F282A104C}"
	ProjectSection(ProjectDependencies) = postProject
		{CA09240D-654C-3EEA-8B19-F2FD48CE1562} = {CA09240D-654C-3EEA-8B19-F2FD48CE1562}
	EndProjectSection
EndProject
Project("{8BC9CEB8-8B4A-11D0-8D11-00A0C91BC942}") = "INSTALL", "INSTALL.vcxproj", "{76ADD5BD-2678-3C3C-BD8F-5685366510A4}"
	ProjectSection(ProjectDependencies) = postProject
		{A3299D66-1D86-33AD-B895-F52E5A6EC1F3} = {A3299D66-1D86-33AD-B895-F52E5A6EC1F3}
		{CA09240D-654C-3EEA-8B19-F2FD48CE1562} = {CA09240D-654C-3EEA-8B19-F2FD48CE1562}
	EndProjectSection
EndProject
Project("{8BC9CEB8-8B4A-11D0-8D11-00A0C91BC942}") = "ZERO_CHECK", "..\\ZERO_CHECK.vcxproj", "{CA09240D-654C-3EEA-8B19-F2FD48CE1562}"
	ProjectSection(ProjectDependencies) = postProject
	EndProjectSection
EndProject
Global
	GlobalSection(SolutionConfigurationPlatforms) = preSolution
		Debug|x64 = Debug|x64
		Release|x64 = Release|x64
		MinSizeRel|x64 = MinSizeRel|x64
		RelWithDebInfo|x64 = RelWithDebInfo|x64
	EndGlobalSection
	GlobalSection(ProjectConfigurationPlatforms) = postSolution
		{A3299D66-1D86-33AD-B895-F52E5A6EC1F3}.Debug|x64.ActiveCfg = Debug|x64
		{A3299D66-1D86-33AD-B895-F52E5A6EC1F3}.Debug|x64.Build.0 = Debug|x64
		{A3299D66-1D86-33AD-B895-F52E5A6EC1F3}.Release|x64.ActiveCfg = Release|x64
		{A3299D66-1D86-33AD-B895-F52E5A6EC1F3}.Release|x64.Build.0 = Release|x64
		{A3299D66-1D86-33AD-B895-F52E5A6EC1F3}.MinSizeRel|x64.ActiveCfg = MinSizeRel|x64
		{A3299D66-1D86-33AD-B895-F52E5A6EC1F3}.MinSizeRel|x64.Build.0 = MinSizeRel|x64
		{A3299D66-1D86-33AD-B895-F52E5A6EC1F3}.RelWithDebInfo|x64.ActiveCfg = RelWithDebInfo|x64
		{A3299D66-1D86-33AD-B895-F52E5A6EC1F3}.RelWithDebInfo|x64.Build.0 = RelWithDebInfo|x64
		{CEB73A53-CF81-3146-BFCE-ED1F282A104C}.Debug|x64.ActiveCfg = Debug|x64
		{CEB73A53-CF81-3146-BFCE-ED1F282A104C}.Debug|x64.Build.0 = Debug|x64
		{CEB73A53-CF81-3146-BFCE-ED1F282A104C}.Release|x64.ActiveCfg = Release|x64
		{CEB73A53-CF81-3146-BFCE-ED1F282A104C}.Release|x64.Build.0 = Release|x64
		{CEB73A53-CF81-3146-BFCE-ED1F282A104C}.MinSizeRel|x64.ActiveCfg = MinSizeRel|x64
		{CEB73A53-CF81-3146-BFCE-ED1F282A104C}.MinSizeRel|x64.Build.0 = MinSizeRel|x64
		{CEB73A53-CF81-3146-BFCE-ED1F282A104C}.RelWithDebInfo|x64.ActiveCfg = RelWithDebInfo|x64
		{CEB73A53-CF81-3146-BFCE-ED1F282A104C}.RelWithDebInfo|x64.Build.0 = RelWithDebInfo|x64
		{76ADD5BD-2678-3C3C-BD8F-5685366510A4}.Debug|x64.ActiveCfg = Debug|x64
		{76ADD5BD-2678-3C3C-BD8F-5685366510A4}.Release|x64.ActiveCfg = Release|x64
		{76ADD5BD-2678-3C3C-BD8F-5685366510A4}.MinSizeRel|x64.ActiveCfg = MinSizeRel|x64
		{76ADD5BD-2678-3C3C-BD8F-5685366510A4}.RelWithDebInfo|x64.ActiveCfg = RelWithDebInfo|x64
		{CA09240D-654C-3EEA-8B19-F2FD48CE1562}.Debug|x64.ActiveCfg = Debug|x64
		{CA09240D-654C-3EEA-8B19-F2FD48CE1562}.Debug|x64.Build.0 = Debug|x64
		{CA09240D-654C-3EEA-8B19-F2FD48CE1562}.Release|x64.ActiveCfg = Release|x64
		{CA09240D-654C-3EEA-8B19-F2FD48CE1562}.Release|x64.Build.0 = Release|x64
		{CA09240D-654C-3EEA-8B19-F2FD48CE1562}.MinSizeRel|x64.ActiveCfg = MinSizeRel|x64
		{CA09240D-654C-3EEA-8B19-F2FD48CE1562}.MinSizeRel|x64.Build.0 = MinSizeRel|x64
		{CA09240D-654C-3EEA-8B19-F2FD48CE1562}.RelWithDebInfo|x64.ActiveCfg = RelWithDebInfo|x64
		{CA09240D-654C-3EEA-8B19-F2FD48CE1562}.RelWithDebInfo|x64.Build.0 = RelWithDebInfo|x64
	EndGlobalSection
	GlobalSection(NestedProjects) = preSolution
		{A3299D66-1D86-33AD-B895-F52E5A6EC1F3} = {1C88AD00-F801-3CC6-8AFE-4C28B2596463}
		{76ADD5BD-2678-3C3C-BD8F-5685366510A4} = {1C88AD00-F801-3CC6-8AFE-4C28B2596463}
		{CA09240D-654C-3EEA-8B19-F2FD48CE1562} = {1C88AD00-F801-3CC6-8AFE-4C28B2596463}
	EndGlobalSection
	GlobalSection(ExtensibilityGlobals) = postSolution
		SolutionGuid = {8B7BF077-DB81-3610-A596-4BC3AFF0C23D}
	EndGlobalSection
	GlobalSection(ExtensibilityAddIns) = postSolution
	EndGlobalSection
EndGlobal
